// !$*UTF8*$!
{
	archiveVersion = 1;
	classes = {
	};
	objectVersion = 51;
	objects = {

/* Begin PBXBuildFile section */
		19BE90C95533D7C3DEEBF38E /* Pods_IcebabyTests.framework in Frameworks */ = {isa = PBXBuildFile; fileRef = 43CE1EAE08B454201DD00CB5 /* Pods_IcebabyTests.framework */; };
		BA235B78257E906900A09280 /* ICChatManager.swift in Sources */ = {isa = PBXBuildFile; fileRef = BA235B77257E906900A09280 /* ICChatManager.swift */; };
		BA235B86257FCF6700A09280 /* ICUserManager.swift in Sources */ = {isa = PBXBuildFile; fileRef = BA235B85257FCF6700A09280 /* ICUserManager.swift */; };
		BA258F5E2583C42200AA88AB /* ICChatListCell.swift in Sources */ = {isa = PBXBuildFile; fileRef = BA258F5D2583C42200AA88AB /* ICChatListCell.swift */; };
		BA258F662583C99000AA88AB /* ICChatListCellViewModel.swift in Sources */ = {isa = PBXBuildFile; fileRef = BA258F652583C99000AA88AB /* ICChatListCellViewModel.swift */; };
		BA258F6B2584805000AA88AB /* ICChatViewController.swift in Sources */ = {isa = PBXBuildFile; fileRef = BA258F6A2584805000AA88AB /* ICChatViewController.swift */; };
		BA353E8B256ED34F00CC4917 /* AppDelegate.swift in Sources */ = {isa = PBXBuildFile; fileRef = BA353E8A256ED34F00CC4917 /* AppDelegate.swift */; };
		BA353E8D256ED34F00CC4917 /* SceneDelegate.swift in Sources */ = {isa = PBXBuildFile; fileRef = BA353E8C256ED34F00CC4917 /* SceneDelegate.swift */; };
		BA353E8F256ED34F00CC4917 /* ViewController.swift in Sources */ = {isa = PBXBuildFile; fileRef = BA353E8E256ED34F00CC4917 /* ViewController.swift */; };
		BA353E92256ED34F00CC4917 /* Main.storyboard in Resources */ = {isa = PBXBuildFile; fileRef = BA353E90256ED34F00CC4917 /* Main.storyboard */; };
		BA353E94256ED35100CC4917 /* Assets.xcassets in Resources */ = {isa = PBXBuildFile; fileRef = BA353E93256ED35100CC4917 /* Assets.xcassets */; };
		BA353E97256ED35100CC4917 /* LaunchScreen.storyboard in Resources */ = {isa = PBXBuildFile; fileRef = BA353E95256ED35100CC4917 /* LaunchScreen.storyboard */; };
		BA353EA2256ED35100CC4917 /* IcebabyTests.swift in Sources */ = {isa = PBXBuildFile; fileRef = BA353EA1256ED35100CC4917 /* IcebabyTests.swift */; };
		BA353EAD256ED35100CC4917 /* IcebabyUITests.swift in Sources */ = {isa = PBXBuildFile; fileRef = BA353EAC256ED35100CC4917 /* IcebabyUITests.swift */; };
		BA353EC82570062D00CC4917 /* ICViewModel.swift in Sources */ = {isa = PBXBuildFile; fileRef = BA353EC72570062D00CC4917 /* ICViewModel.swift */; };
		BA353ED02570066300CC4917 /* ICNavigator.swift in Sources */ = {isa = PBXBuildFile; fileRef = BA353ECF2570066300CC4917 /* ICNavigator.swift */; };
		BA353EE825700E3E00CC4917 /* APIProtocol.swift in Sources */ = {isa = PBXBuildFile; fileRef = BA353EE725700E3E00CC4917 /* APIProtocol.swift */; };
		BA353EF025700E6400CC4917 /* URLProtocol.swift in Sources */ = {isa = PBXBuildFile; fileRef = BA353EEF25700E6400CC4917 /* URLProtocol.swift */; };
		BA353EF8257013E400CC4917 /* ICApplicationNavigator.swift in Sources */ = {isa = PBXBuildFile; fileRef = BA353EF7257013E400CC4917 /* ICApplicationNavigator.swift */; };
		BA353F05257014CE00CC4917 /* Login.storyboard in Resources */ = {isa = PBXBuildFile; fileRef = BA353F04257014CE00CC4917 /* Login.storyboard */; };
		BA353F0A257014E300CC4917 /* ICLoginViewController.swift in Sources */ = {isa = PBXBuildFile; fileRef = BA353F09257014E300CC4917 /* ICLoginViewController.swift */; };
		BA353F0F2570168E00CC4917 /* ICLoginViewModel.swift in Sources */ = {isa = PBXBuildFile; fileRef = BA353F0E2570168E00CC4917 /* ICLoginViewModel.swift */; };
		BA353F14257016F200CC4917 /* ICLoginRootNavigator.swift in Sources */ = {isa = PBXBuildFile; fileRef = BA353F13257016F200CC4917 /* ICLoginRootNavigator.swift */; };
		BA353F2025701E4E00CC4917 /* ICLoginAPIService.swift in Sources */ = {isa = PBXBuildFile; fileRef = BA353F1F25701E4E00CC4917 /* ICLoginAPIService.swift */; };
		BA353F2A25701F1200CC4917 /* ICUser.swift in Sources */ = {isa = PBXBuildFile; fileRef = BA353F2925701F1200CC4917 /* ICUser.swift */; };
		BADCAC9B2576C51500D98060 /* ICBaseViewController.swift in Sources */ = {isa = PBXBuildFile; fileRef = BADCAC9A2576C51500D98060 /* ICBaseViewController.swift */; };
		BADCACA42576C54A00D98060 /* ICLoadingProgressHUD.swift in Sources */ = {isa = PBXBuildFile; fileRef = BADCACA32576C54A00D98060 /* ICLoadingProgressHUD.swift */; };
		BADCACAF2576C5C900D98060 /* ICProgressHUD.swift in Sources */ = {isa = PBXBuildFile; fileRef = BADCACAE2576C5C900D98060 /* ICProgressHUD.swift */; };
		BADCACDF2577FB5B00D98060 /* ICLobbyCellViewModel.swift in Sources */ = {isa = PBXBuildFile; fileRef = BADCACDE2577FB5B00D98060 /* ICLobbyCellViewModel.swift */; };
		BADCACE425780ABD00D98060 /* ICUserViewController.swift in Sources */ = {isa = PBXBuildFile; fileRef = BADCACE325780ABD00D98060 /* ICUserViewController.swift */; };
		BADCACE925780B2200D98060 /* ICUserNavigator.swift in Sources */ = {isa = PBXBuildFile; fileRef = BADCACE825780B2200D98060 /* ICUserNavigator.swift */; };
		BADCACEE25780B2F00D98060 /* ICUserViewModel.swift in Sources */ = {isa = PBXBuildFile; fileRef = BADCACED25780B2F00D98060 /* ICUserViewModel.swift */; };
		BADCACF62578150400D98060 /* ICUserDetail.swift in Sources */ = {isa = PBXBuildFile; fileRef = BADCACF52578150400D98060 /* ICUserDetail.swift */; };
		C7082CF725836DAF00C49DCF /* ICChannel.swift in Sources */ = {isa = PBXBuildFile; fileRef = C7082CF625836DAF00C49DCF /* ICChannel.swift */; };
		C7082CFF25836DC700C49DCF /* ICMember.swift in Sources */ = {isa = PBXBuildFile; fileRef = C7082CFE25836DC700C49DCF /* ICMember.swift */; };
		C74728A625776BCC00FE8ED2 /* ICLobbyViewController.swift in Sources */ = {isa = PBXBuildFile; fileRef = C74728A525776BCC00FE8ED2 /* ICLobbyViewController.swift */; };
		C74728AF25776C3600FE8ED2 /* ICLobbyRootNavigator.swift in Sources */ = {isa = PBXBuildFile; fileRef = C74728AE25776C3600FE8ED2 /* ICLobbyRootNavigator.swift */; };
		C74728B525776E2900FE8ED2 /* Lobby.storyboard in Resources */ = {isa = PBXBuildFile; fileRef = C74728B425776E2900FE8ED2 /* Lobby.storyboard */; };
		C77A25702570D26B00FCFA8D /* ICMainTabBarController.swift in Sources */ = {isa = PBXBuildFile; fileRef = C77A256F2570D26B00FCFA8D /* ICMainTabBarController.swift */; };
		C77A25792570D5DD00FCFA8D /* Me.storyboard in Resources */ = {isa = PBXBuildFile; fileRef = C77A25782570D5DD00FCFA8D /* Me.storyboard */; };
		C77A257F2570D61100FCFA8D /* ICMeViewController.swift in Sources */ = {isa = PBXBuildFile; fileRef = C77A257E2570D61100FCFA8D /* ICMeViewController.swift */; };
		C77A25882570D64900FCFA8D /* ICMeRootNavigator.swift in Sources */ = {isa = PBXBuildFile; fileRef = C77A25872570D64900FCFA8D /* ICMeRootNavigator.swift */; };
		C77A25912570D6F500FCFA8D /* ICMainTabBarNavigator.swift in Sources */ = {isa = PBXBuildFile; fileRef = C77A25902570D6F500FCFA8D /* ICMainTabBarNavigator.swift */; };
		C7CECA392587729800018054 /* ICMessage.swift in Sources */ = {isa = PBXBuildFile; fileRef = C7CECA382587729800018054 /* ICMessage.swift */; };
		C7CECA3E2587734E00018054 /* ICSender.swift in Sources */ = {isa = PBXBuildFile; fileRef = C7CECA3D2587734E00018054 /* ICSender.swift */; };
		C7CECA4425888E4200018054 /* ICChatData.swift in Sources */ = {isa = PBXBuildFile; fileRef = C7CECA4325888E4200018054 /* ICChatData.swift */; };
		C7CECA492588A8F900018054 /* ICChatViewModel.swift in Sources */ = {isa = PBXBuildFile; fileRef = C7CECA482588A8F900018054 /* ICChatViewModel.swift */; };
		C7CECA4E2588AA9100018054 /* ICChatNavigator.swift in Sources */ = {isa = PBXBuildFile; fileRef = C7CECA4D2588AA9100018054 /* ICChatNavigator.swift */; };
		C7CECA532588BF6E00018054 /* ICDateFormatter.swift in Sources */ = {isa = PBXBuildFile; fileRef = C7CECA522588BF6E00018054 /* ICDateFormatter.swift */; };
		C7CF3CB0257776D300D34FFD /* ICLobbyCell.swift in Sources */ = {isa = PBXBuildFile; fileRef = C7CF3CAF257776D300D34FFD /* ICLobbyCell.swift */; };
		C7CF3CBC257792D400D34FFD /* ICLobbyViewModel.swift in Sources */ = {isa = PBXBuildFile; fileRef = C7CF3CBB257792D400D34FFD /* ICLobbyViewModel.swift */; };
		C7CF3CC925779ECA00D34FFD /* ICLobbyAPIService.swift in Sources */ = {isa = PBXBuildFile; fileRef = C7CF3CC825779ECA00D34FFD /* ICLobbyAPIService.swift */; };
		C7CF3CD62578A5E300D34FFD /* ICChatListViewController.swift in Sources */ = {isa = PBXBuildFile; fileRef = C7CF3CD52578A5E300D34FFD /* ICChatListViewController.swift */; };
		C7CF3CDB2578A5F900D34FFD /* ICChatListViewModel.swift in Sources */ = {isa = PBXBuildFile; fileRef = C7CF3CDA2578A5F900D34FFD /* ICChatListViewModel.swift */; };
		C7CF3CE02578A60800D34FFD /* ICChatRootNavigator.swift in Sources */ = {isa = PBXBuildFile; fileRef = C7CF3CDF2578A60800D34FFD /* ICChatRootNavigator.swift */; };
		C7CF3CE52578A61600D34FFD /* Chat.storyboard in Resources */ = {isa = PBXBuildFile; fileRef = C7CF3CE42578A61600D34FFD /* Chat.storyboard */; };
		C7CF3D052578BCDD00D34FFD /* ICChatAPIService.swift in Sources */ = {isa = PBXBuildFile; fileRef = C7CF3D042578BCDD00D34FFD /* ICChatAPIService.swift */; };
		C7E42044257F254B005403B4 /* ICMainTabBarViewModel.swift in Sources */ = {isa = PBXBuildFile; fileRef = C7E42043257F254B005403B4 /* ICMainTabBarViewModel.swift */; };
		CB51A212AE0F81CAA12F9A4A /* Pods_Icebaby_IcebabyUITests.framework in Frameworks */ = {isa = PBXBuildFile; fileRef = 0F78382CAEE24DC8903C4524 /* Pods_Icebaby_IcebabyUITests.framework */; };
		EBE0E940E18A5A511A065279 /* Pods_Icebaby.framework in Frameworks */ = {isa = PBXBuildFile; fileRef = 0C69C71BB7EA6E97D8741473 /* Pods_Icebaby.framework */; };
/* End PBXBuildFile section */

/* Begin PBXContainerItemProxy section */
		BA353E9E256ED35100CC4917 /* PBXContainerItemProxy */ = {
			isa = PBXContainerItemProxy;
			containerPortal = BA353E7F256ED34F00CC4917 /* Project object */;
			proxyType = 1;
			remoteGlobalIDString = BA353E86256ED34F00CC4917;
			remoteInfo = Icebaby;
		};
		BA353EA9256ED35100CC4917 /* PBXContainerItemProxy */ = {
			isa = PBXContainerItemProxy;
			containerPortal = BA353E7F256ED34F00CC4917 /* Project object */;
			proxyType = 1;
			remoteGlobalIDString = BA353E86256ED34F00CC4917;
			remoteInfo = Icebaby;
		};
/* End PBXContainerItemProxy section */

/* Begin PBXFileReference section */
		0C69C71BB7EA6E97D8741473 /* Pods_Icebaby.framework */ = {isa = PBXFileReference; explicitFileType = wrapper.framework; includeInIndex = 0; path = Pods_Icebaby.framework; sourceTree = BUILT_PRODUCTS_DIR; };
		0F78382CAEE24DC8903C4524 /* Pods_Icebaby_IcebabyUITests.framework */ = {isa = PBXFileReference; explicitFileType = wrapper.framework; includeInIndex = 0; path = Pods_Icebaby_IcebabyUITests.framework; sourceTree = BUILT_PRODUCTS_DIR; };
		225E33FB8763C4CEB63E8B46 /* Pods-IcebabyTests.release.xcconfig */ = {isa = PBXFileReference; includeInIndex = 1; lastKnownFileType = text.xcconfig; name = "Pods-IcebabyTests.release.xcconfig"; path = "Target Support Files/Pods-IcebabyTests/Pods-IcebabyTests.release.xcconfig"; sourceTree = "<group>"; };
		43CE1EAE08B454201DD00CB5 /* Pods_IcebabyTests.framework */ = {isa = PBXFileReference; explicitFileType = wrapper.framework; includeInIndex = 0; path = Pods_IcebabyTests.framework; sourceTree = BUILT_PRODUCTS_DIR; };
		484BCC2CC67DD6748DF3B835 /* Pods-Icebaby.release.xcconfig */ = {isa = PBXFileReference; includeInIndex = 1; lastKnownFileType = text.xcconfig; name = "Pods-Icebaby.release.xcconfig"; path = "Target Support Files/Pods-Icebaby/Pods-Icebaby.release.xcconfig"; sourceTree = "<group>"; };
		4C8340BB348C7C2F4487EA45 /* Pods-Icebaby-IcebabyUITests.debug.xcconfig */ = {isa = PBXFileReference; includeInIndex = 1; lastKnownFileType = text.xcconfig; name = "Pods-Icebaby-IcebabyUITests.debug.xcconfig"; path = "Target Support Files/Pods-Icebaby-IcebabyUITests/Pods-Icebaby-IcebabyUITests.debug.xcconfig"; sourceTree = "<group>"; };
		A7653148BFE51172F96A9637 /* Pods-IcebabyTests.debug.xcconfig */ = {isa = PBXFileReference; includeInIndex = 1; lastKnownFileType = text.xcconfig; name = "Pods-IcebabyTests.debug.xcconfig"; path = "Target Support Files/Pods-IcebabyTests/Pods-IcebabyTests.debug.xcconfig"; sourceTree = "<group>"; };
		A7C887AC17529F7F2E13B5B4 /* Pods-Icebaby.debug.xcconfig */ = {isa = PBXFileReference; includeInIndex = 1; lastKnownFileType = text.xcconfig; name = "Pods-Icebaby.debug.xcconfig"; path = "Target Support Files/Pods-Icebaby/Pods-Icebaby.debug.xcconfig"; sourceTree = "<group>"; };
		BA235B77257E906900A09280 /* ICChatManager.swift */ = {isa = PBXFileReference; lastKnownFileType = sourcecode.swift; path = ICChatManager.swift; sourceTree = "<group>"; };
		BA235B85257FCF6700A09280 /* ICUserManager.swift */ = {isa = PBXFileReference; lastKnownFileType = sourcecode.swift; path = ICUserManager.swift; sourceTree = "<group>"; };
		BA258F5D2583C42200AA88AB /* ICChatListCell.swift */ = {isa = PBXFileReference; lastKnownFileType = sourcecode.swift; path = ICChatListCell.swift; sourceTree = "<group>"; };
		BA258F652583C99000AA88AB /* ICChatListCellViewModel.swift */ = {isa = PBXFileReference; lastKnownFileType = sourcecode.swift; path = ICChatListCellViewModel.swift; sourceTree = "<group>"; };
		BA258F6A2584805000AA88AB /* ICChatViewController.swift */ = {isa = PBXFileReference; lastKnownFileType = sourcecode.swift; path = ICChatViewController.swift; sourceTree = "<group>"; };
		BA353E87256ED34F00CC4917 /* Icebaby.app */ = {isa = PBXFileReference; explicitFileType = wrapper.application; includeInIndex = 0; path = Icebaby.app; sourceTree = BUILT_PRODUCTS_DIR; };
		BA353E8A256ED34F00CC4917 /* AppDelegate.swift */ = {isa = PBXFileReference; lastKnownFileType = sourcecode.swift; path = AppDelegate.swift; sourceTree = "<group>"; };
		BA353E8C256ED34F00CC4917 /* SceneDelegate.swift */ = {isa = PBXFileReference; lastKnownFileType = sourcecode.swift; path = SceneDelegate.swift; sourceTree = "<group>"; };
		BA353E8E256ED34F00CC4917 /* ViewController.swift */ = {isa = PBXFileReference; lastKnownFileType = sourcecode.swift; path = ViewController.swift; sourceTree = "<group>"; };
		BA353E91256ED34F00CC4917 /* Base */ = {isa = PBXFileReference; lastKnownFileType = file.storyboard; name = Base; path = Base.lproj/Main.storyboard; sourceTree = "<group>"; };
		BA353E93256ED35100CC4917 /* Assets.xcassets */ = {isa = PBXFileReference; lastKnownFileType = folder.assetcatalog; path = Assets.xcassets; sourceTree = "<group>"; };
		BA353E96256ED35100CC4917 /* Base */ = {isa = PBXFileReference; lastKnownFileType = file.storyboard; name = Base; path = Base.lproj/LaunchScreen.storyboard; sourceTree = "<group>"; };
		BA353E98256ED35100CC4917 /* Info.plist */ = {isa = PBXFileReference; lastKnownFileType = text.plist.xml; path = Info.plist; sourceTree = "<group>"; };
		BA353E9D256ED35100CC4917 /* IcebabyTests.xctest */ = {isa = PBXFileReference; explicitFileType = wrapper.cfbundle; includeInIndex = 0; path = IcebabyTests.xctest; sourceTree = BUILT_PRODUCTS_DIR; };
		BA353EA1256ED35100CC4917 /* IcebabyTests.swift */ = {isa = PBXFileReference; lastKnownFileType = sourcecode.swift; path = IcebabyTests.swift; sourceTree = "<group>"; };
		BA353EA3256ED35100CC4917 /* Info.plist */ = {isa = PBXFileReference; lastKnownFileType = text.plist.xml; path = Info.plist; sourceTree = "<group>"; };
		BA353EA8256ED35100CC4917 /* IcebabyUITests.xctest */ = {isa = PBXFileReference; explicitFileType = wrapper.cfbundle; includeInIndex = 0; path = IcebabyUITests.xctest; sourceTree = BUILT_PRODUCTS_DIR; };
		BA353EAC256ED35100CC4917 /* IcebabyUITests.swift */ = {isa = PBXFileReference; lastKnownFileType = sourcecode.swift; path = IcebabyUITests.swift; sourceTree = "<group>"; };
		BA353EAE256ED35100CC4917 /* Info.plist */ = {isa = PBXFileReference; lastKnownFileType = text.plist.xml; path = Info.plist; sourceTree = "<group>"; };
		BA353EC72570062D00CC4917 /* ICViewModel.swift */ = {isa = PBXFileReference; lastKnownFileType = sourcecode.swift; path = ICViewModel.swift; sourceTree = "<group>"; };
		BA353ECF2570066300CC4917 /* ICNavigator.swift */ = {isa = PBXFileReference; lastKnownFileType = sourcecode.swift; path = ICNavigator.swift; sourceTree = "<group>"; };
		BA353EE725700E3E00CC4917 /* APIProtocol.swift */ = {isa = PBXFileReference; lastKnownFileType = sourcecode.swift; path = APIProtocol.swift; sourceTree = "<group>"; };
		BA353EEF25700E6400CC4917 /* URLProtocol.swift */ = {isa = PBXFileReference; lastKnownFileType = sourcecode.swift; path = URLProtocol.swift; sourceTree = "<group>"; };
		BA353EF7257013E400CC4917 /* ICApplicationNavigator.swift */ = {isa = PBXFileReference; lastKnownFileType = sourcecode.swift; path = ICApplicationNavigator.swift; sourceTree = "<group>"; };
		BA353F04257014CE00CC4917 /* Login.storyboard */ = {isa = PBXFileReference; lastKnownFileType = file.storyboard; path = Login.storyboard; sourceTree = "<group>"; };
		BA353F09257014E300CC4917 /* ICLoginViewController.swift */ = {isa = PBXFileReference; lastKnownFileType = sourcecode.swift; path = ICLoginViewController.swift; sourceTree = "<group>"; };
		BA353F0E2570168E00CC4917 /* ICLoginViewModel.swift */ = {isa = PBXFileReference; lastKnownFileType = sourcecode.swift; path = ICLoginViewModel.swift; sourceTree = "<group>"; };
		BA353F13257016F200CC4917 /* ICLoginRootNavigator.swift */ = {isa = PBXFileReference; lastKnownFileType = sourcecode.swift; path = ICLoginRootNavigator.swift; sourceTree = "<group>"; };
		BA353F1F25701E4E00CC4917 /* ICLoginAPIService.swift */ = {isa = PBXFileReference; lastKnownFileType = sourcecode.swift; path = ICLoginAPIService.swift; sourceTree = "<group>"; };
		BA353F2925701F1200CC4917 /* ICUser.swift */ = {isa = PBXFileReference; lastKnownFileType = sourcecode.swift; path = ICUser.swift; sourceTree = "<group>"; };
		BADCAC9A2576C51500D98060 /* ICBaseViewController.swift */ = {isa = PBXFileReference; lastKnownFileType = sourcecode.swift; path = ICBaseViewController.swift; sourceTree = "<group>"; };
		BADCACA32576C54A00D98060 /* ICLoadingProgressHUD.swift */ = {isa = PBXFileReference; lastKnownFileType = sourcecode.swift; path = ICLoadingProgressHUD.swift; sourceTree = "<group>"; };
		BADCACAE2576C5C900D98060 /* ICProgressHUD.swift */ = {isa = PBXFileReference; lastKnownFileType = sourcecode.swift; path = ICProgressHUD.swift; sourceTree = "<group>"; };
		BADCACDE2577FB5B00D98060 /* ICLobbyCellViewModel.swift */ = {isa = PBXFileReference; lastKnownFileType = sourcecode.swift; path = ICLobbyCellViewModel.swift; sourceTree = "<group>"; };
		BADCACE325780ABD00D98060 /* ICUserViewController.swift */ = {isa = PBXFileReference; lastKnownFileType = sourcecode.swift; path = ICUserViewController.swift; sourceTree = "<group>"; };
		BADCACE825780B2200D98060 /* ICUserNavigator.swift */ = {isa = PBXFileReference; lastKnownFileType = sourcecode.swift; path = ICUserNavigator.swift; sourceTree = "<group>"; };
		BADCACED25780B2F00D98060 /* ICUserViewModel.swift */ = {isa = PBXFileReference; lastKnownFileType = sourcecode.swift; path = ICUserViewModel.swift; sourceTree = "<group>"; };
		BADCACF52578150400D98060 /* ICUserDetail.swift */ = {isa = PBXFileReference; lastKnownFileType = sourcecode.swift; path = ICUserDetail.swift; sourceTree = "<group>"; };
		C7082CF625836DAF00C49DCF /* ICChannel.swift */ = {isa = PBXFileReference; lastKnownFileType = sourcecode.swift; path = ICChannel.swift; sourceTree = "<group>"; };
		C7082CFE25836DC700C49DCF /* ICMember.swift */ = {isa = PBXFileReference; lastKnownFileType = sourcecode.swift; path = ICMember.swift; sourceTree = "<group>"; };
		C74728A525776BCC00FE8ED2 /* ICLobbyViewController.swift */ = {isa = PBXFileReference; lastKnownFileType = sourcecode.swift; path = ICLobbyViewController.swift; sourceTree = "<group>"; };
		C74728AE25776C3600FE8ED2 /* ICLobbyRootNavigator.swift */ = {isa = PBXFileReference; lastKnownFileType = sourcecode.swift; path = ICLobbyRootNavigator.swift; sourceTree = "<group>"; };
		C74728B425776E2900FE8ED2 /* Lobby.storyboard */ = {isa = PBXFileReference; lastKnownFileType = file.storyboard; path = Lobby.storyboard; sourceTree = "<group>"; };
		C77A256F2570D26B00FCFA8D /* ICMainTabBarController.swift */ = {isa = PBXFileReference; lastKnownFileType = sourcecode.swift; path = ICMainTabBarController.swift; sourceTree = "<group>"; };
		C77A25782570D5DD00FCFA8D /* Me.storyboard */ = {isa = PBXFileReference; lastKnownFileType = file.storyboard; path = Me.storyboard; sourceTree = "<group>"; };
		C77A257E2570D61100FCFA8D /* ICMeViewController.swift */ = {isa = PBXFileReference; lastKnownFileType = sourcecode.swift; path = ICMeViewController.swift; sourceTree = "<group>"; };
		C77A25872570D64900FCFA8D /* ICMeRootNavigator.swift */ = {isa = PBXFileReference; lastKnownFileType = sourcecode.swift; path = ICMeRootNavigator.swift; sourceTree = "<group>"; };
		C77A25902570D6F500FCFA8D /* ICMainTabBarNavigator.swift */ = {isa = PBXFileReference; lastKnownFileType = sourcecode.swift; path = ICMainTabBarNavigator.swift; sourceTree = "<group>"; };
		C7CECA382587729800018054 /* ICMessage.swift */ = {isa = PBXFileReference; lastKnownFileType = sourcecode.swift; path = ICMessage.swift; sourceTree = "<group>"; };
		C7CECA3D2587734E00018054 /* ICSender.swift */ = {isa = PBXFileReference; lastKnownFileType = sourcecode.swift; path = ICSender.swift; sourceTree = "<group>"; };
		C7CECA4325888E4200018054 /* ICChatData.swift */ = {isa = PBXFileReference; lastKnownFileType = sourcecode.swift; path = ICChatData.swift; sourceTree = "<group>"; };
		C7CECA482588A8F900018054 /* ICChatViewModel.swift */ = {isa = PBXFileReference; lastKnownFileType = sourcecode.swift; path = ICChatViewModel.swift; sourceTree = "<group>"; };
		C7CECA4D2588AA9100018054 /* ICChatNavigator.swift */ = {isa = PBXFileReference; lastKnownFileType = sourcecode.swift; path = ICChatNavigator.swift; sourceTree = "<group>"; };
		C7CECA522588BF6E00018054 /* ICDateFormatter.swift */ = {isa = PBXFileReference; lastKnownFileType = sourcecode.swift; path = ICDateFormatter.swift; sourceTree = "<group>"; };
		C7CF3CAF257776D300D34FFD /* ICLobbyCell.swift */ = {isa = PBXFileReference; lastKnownFileType = sourcecode.swift; path = ICLobbyCell.swift; sourceTree = "<group>"; };
		C7CF3CBB257792D400D34FFD /* ICLobbyViewModel.swift */ = {isa = PBXFileReference; lastKnownFileType = sourcecode.swift; path = ICLobbyViewModel.swift; sourceTree = "<group>"; };
		C7CF3CC825779ECA00D34FFD /* ICLobbyAPIService.swift */ = {isa = PBXFileReference; lastKnownFileType = sourcecode.swift; path = ICLobbyAPIService.swift; sourceTree = "<group>"; };
		C7CF3CD52578A5E300D34FFD /* ICChatListViewController.swift */ = {isa = PBXFileReference; lastKnownFileType = sourcecode.swift; path = ICChatListViewController.swift; sourceTree = "<group>"; };
		C7CF3CDA2578A5F900D34FFD /* ICChatListViewModel.swift */ = {isa = PBXFileReference; lastKnownFileType = sourcecode.swift; path = ICChatListViewModel.swift; sourceTree = "<group>"; };
		C7CF3CDF2578A60800D34FFD /* ICChatRootNavigator.swift */ = {isa = PBXFileReference; lastKnownFileType = sourcecode.swift; path = ICChatRootNavigator.swift; sourceTree = "<group>"; };
		C7CF3CE42578A61600D34FFD /* Chat.storyboard */ = {isa = PBXFileReference; lastKnownFileType = file.storyboard; path = Chat.storyboard; sourceTree = "<group>"; };
		C7CF3D042578BCDD00D34FFD /* ICChatAPIService.swift */ = {isa = PBXFileReference; lastKnownFileType = sourcecode.swift; path = ICChatAPIService.swift; sourceTree = "<group>"; };
		C7E42043257F254B005403B4 /* ICMainTabBarViewModel.swift */ = {isa = PBXFileReference; lastKnownFileType = sourcecode.swift; path = ICMainTabBarViewModel.swift; sourceTree = "<group>"; };
		CD0877986DD84F1EA7AB880F /* Pods-Icebaby-IcebabyUITests.release.xcconfig */ = {isa = PBXFileReference; includeInIndex = 1; lastKnownFileType = text.xcconfig; name = "Pods-Icebaby-IcebabyUITests.release.xcconfig"; path = "Target Support Files/Pods-Icebaby-IcebabyUITests/Pods-Icebaby-IcebabyUITests.release.xcconfig"; sourceTree = "<group>"; };
/* End PBXFileReference section */

/* Begin PBXFrameworksBuildPhase section */
		BA353E84256ED34F00CC4917 /* Frameworks */ = {
			isa = PBXFrameworksBuildPhase;
			buildActionMask = 2147483647;
			files = (
				EBE0E940E18A5A511A065279 /* Pods_Icebaby.framework in Frameworks */,
			);
			runOnlyForDeploymentPostprocessing = 0;
		};
		BA353E9A256ED35100CC4917 /* Frameworks */ = {
			isa = PBXFrameworksBuildPhase;
			buildActionMask = 2147483647;
			files = (
				19BE90C95533D7C3DEEBF38E /* Pods_IcebabyTests.framework in Frameworks */,
			);
			runOnlyForDeploymentPostprocessing = 0;
		};
		BA353EA5256ED35100CC4917 /* Frameworks */ = {
			isa = PBXFrameworksBuildPhase;
			buildActionMask = 2147483647;
			files = (
				CB51A212AE0F81CAA12F9A4A /* Pods_Icebaby_IcebabyUITests.framework in Frameworks */,
			);
			runOnlyForDeploymentPostprocessing = 0;
		};
/* End PBXFrameworksBuildPhase section */

/* Begin PBXGroup section */
		BA235B76257E905100A09280 /* Manager */ = {
			isa = PBXGroup;
			children = (
				BA235B77257E906900A09280 /* ICChatManager.swift */,
				BA235B85257FCF6700A09280 /* ICUserManager.swift */,
			);
			path = Manager;
			sourceTree = "<group>";
		};
		BA353E7E256ED34F00CC4917 = {
			isa = PBXGroup;
			children = (
				BA353E89256ED34F00CC4917 /* Icebaby */,
				BA353EA0256ED35100CC4917 /* IcebabyTests */,
				BA353EAB256ED35100CC4917 /* IcebabyUITests */,
				BA353E88256ED34F00CC4917 /* Products */,
				CD238F742E8F93BC2774B83B /* Pods */,
				E7873251D0E2388D93A7C8BF /* Frameworks */,
			);
			sourceTree = "<group>";
		};
		BA353E88256ED34F00CC4917 /* Products */ = {
			isa = PBXGroup;
			children = (
				BA353E87256ED34F00CC4917 /* Icebaby.app */,
				BA353E9D256ED35100CC4917 /* IcebabyTests.xctest */,
				BA353EA8256ED35100CC4917 /* IcebabyUITests.xctest */,
			);
			name = Products;
			sourceTree = "<group>";
		};
		BA353E89256ED34F00CC4917 /* Icebaby */ = {
			isa = PBXGroup;
			children = (
				BA353EE625700E2700CC4917 /* API */,
				BA353EC6257005CD00CC4917 /* Protocol */,
				BA235B76257E905100A09280 /* Manager */,
				BADCACA22576C52300D98060 /* Tool */,
				BA353F1E25701E3800CC4917 /* Service */,
				BA353EF425700F0000CC4917 /* Classes */,
				BA353E8E256ED34F00CC4917 /* ViewController.swift */,
				BA353E93256ED35100CC4917 /* Assets.xcassets */,
				BA353E95256ED35100CC4917 /* LaunchScreen.storyboard */,
				BA353E98256ED35100CC4917 /* Info.plist */,
			);
			path = Icebaby;
			sourceTree = "<group>";
		};
		BA353EA0256ED35100CC4917 /* IcebabyTests */ = {
			isa = PBXGroup;
			children = (
				BA353EA1256ED35100CC4917 /* IcebabyTests.swift */,
				BA353EA3256ED35100CC4917 /* Info.plist */,
			);
			path = IcebabyTests;
			sourceTree = "<group>";
		};
		BA353EAB256ED35100CC4917 /* IcebabyUITests */ = {
			isa = PBXGroup;
			children = (
				BA353EAC256ED35100CC4917 /* IcebabyUITests.swift */,
				BA353EAE256ED35100CC4917 /* Info.plist */,
			);
			path = IcebabyUITests;
			sourceTree = "<group>";
		};
		BA353EC6257005CD00CC4917 /* Protocol */ = {
			isa = PBXGroup;
			children = (
				BA353EC72570062D00CC4917 /* ICViewModel.swift */,
				BA353ECF2570066300CC4917 /* ICNavigator.swift */,
				BADCACAE2576C5C900D98060 /* ICProgressHUD.swift */,
			);
			path = Protocol;
			sourceTree = "<group>";
		};
		BA353EE625700E2700CC4917 /* API */ = {
			isa = PBXGroup;
			children = (
				BA353EE725700E3E00CC4917 /* APIProtocol.swift */,
				BA353EEF25700E6400CC4917 /* URLProtocol.swift */,
			);
			path = API;
			sourceTree = "<group>";
		};
		BA353EF425700F0000CC4917 /* Classes */ = {
			isa = PBXGroup;
			children = (
				BADCAC992576C4F700D98060 /* Base */,
				BA353EF5257010A000CC4917 /* Application */,
				BA353EFD2570148800CC4917 /* Main */,
				BA353EFF257014A400CC4917 /* Login */,
				C74728A325776B3900FE8ED2 /* Lobby */,
				C7CF3CD02578A4F300D34FFD /* Chat */,
				BA353F2725701EE900CC4917 /* Me */,
			);
			path = Classes;
			sourceTree = "<group>";
		};
		BA353EF5257010A000CC4917 /* Application */ = {
			isa = PBXGroup;
			children = (
				BA353EFC2570140D00CC4917 /* AppMain */,
				BA353EF6257013CF00CC4917 /* Navigator */,
			);
			path = Application;
			sourceTree = "<group>";
		};
		BA353EF6257013CF00CC4917 /* Navigator */ = {
			isa = PBXGroup;
			children = (
				BA353EF7257013E400CC4917 /* ICApplicationNavigator.swift */,
			);
			path = Navigator;
			sourceTree = "<group>";
		};
		BA353EFC2570140D00CC4917 /* AppMain */ = {
			isa = PBXGroup;
			children = (
				BA353E8A256ED34F00CC4917 /* AppDelegate.swift */,
				BA353E8C256ED34F00CC4917 /* SceneDelegate.swift */,
			);
			path = AppMain;
			sourceTree = "<group>";
		};
		BA353EFD2570148800CC4917 /* Main */ = {
			isa = PBXGroup;
			children = (
				C77A256E2570D22F00FCFA8D /* Controller */,
				C7E42042257F252A005403B4 /* ViewModel */,
				C77A258F2570D6D000FCFA8D /* Navigator */,
				BA353EFE2570149200CC4917 /* View */,
			);
			path = Main;
			sourceTree = "<group>";
		};
		BA353EFE2570149200CC4917 /* View */ = {
			isa = PBXGroup;
			children = (
				BA353E90256ED34F00CC4917 /* Main.storyboard */,
			);
			path = View;
			sourceTree = "<group>";
		};
		BA353EFF257014A400CC4917 /* Login */ = {
			isa = PBXGroup;
			children = (
				BA353F00257014AD00CC4917 /* Controller */,
				BA353F01257014B400CC4917 /* ViewModel */,
				BA353F02257014BA00CC4917 /* Navigator */,
				BA353F03257014C100CC4917 /* View */,
			);
			path = Login;
			sourceTree = "<group>";
		};
		BA353F00257014AD00CC4917 /* Controller */ = {
			isa = PBXGroup;
			children = (
				BA353F09257014E300CC4917 /* ICLoginViewController.swift */,
			);
			path = Controller;
			sourceTree = "<group>";
		};
		BA353F01257014B400CC4917 /* ViewModel */ = {
			isa = PBXGroup;
			children = (
				BA353F0E2570168E00CC4917 /* ICLoginViewModel.swift */,
			);
			path = ViewModel;
			sourceTree = "<group>";
		};
		BA353F02257014BA00CC4917 /* Navigator */ = {
			isa = PBXGroup;
			children = (
				BA353F13257016F200CC4917 /* ICLoginRootNavigator.swift */,
			);
			path = Navigator;
			sourceTree = "<group>";
		};
		BA353F03257014C100CC4917 /* View */ = {
			isa = PBXGroup;
			children = (
				BA353F04257014CE00CC4917 /* Login.storyboard */,
			);
			path = View;
			sourceTree = "<group>";
		};
		BA353F1E25701E3800CC4917 /* Service */ = {
			isa = PBXGroup;
			children = (
				BA353F1F25701E4E00CC4917 /* ICLoginAPIService.swift */,
				C7CF3CC825779ECA00D34FFD /* ICLobbyAPIService.swift */,
				C7CF3D042578BCDD00D34FFD /* ICChatAPIService.swift */,
			);
			path = Service;
			sourceTree = "<group>";
		};
		BA353F2725701EE900CC4917 /* Me */ = {
			isa = PBXGroup;
			children = (
				C77A257D2570D5E300FCFA8D /* Controller */,
				BA353F2825701EFB00CC4917 /* Model */,
				C77A25862570D61700FCFA8D /* Navigator */,
				C77A25772570D5C900FCFA8D /* View */,
			);
			path = Me;
			sourceTree = "<group>";
		};
		BA353F2825701EFB00CC4917 /* Model */ = {
			isa = PBXGroup;
			children = (
				BA353F2925701F1200CC4917 /* ICUser.swift */,
				BADCACF52578150400D98060 /* ICUserDetail.swift */,
			);
			path = Model;
			sourceTree = "<group>";
		};
		BADCAC992576C4F700D98060 /* Base */ = {
			isa = PBXGroup;
			children = (
				BADCAC9A2576C51500D98060 /* ICBaseViewController.swift */,
			);
			path = Base;
			sourceTree = "<group>";
		};
		BADCACA22576C52300D98060 /* Tool */ = {
			isa = PBXGroup;
			children = (
				BADCACA32576C54A00D98060 /* ICLoadingProgressHUD.swift */,
				C7CECA522588BF6E00018054 /* ICDateFormatter.swift */,
			);
			path = Tool;
			sourceTree = "<group>";
		};
		C7082CF525836D9A00C49DCF /* Model */ = {
			isa = PBXGroup;
			children = (
				C7082CF625836DAF00C49DCF /* ICChannel.swift */,
				C7082CFE25836DC700C49DCF /* ICMember.swift */,
				C7CECA382587729800018054 /* ICMessage.swift */,
				C7CECA3D2587734E00018054 /* ICSender.swift */,
				C7CECA4325888E4200018054 /* ICChatData.swift */,
			);
			path = Model;
			sourceTree = "<group>";
		};
		C74728A325776B3900FE8ED2 /* Lobby */ = {
			isa = PBXGroup;
			children = (
				C74728A425776BA500FE8ED2 /* Controller */,
				C7CF3CBA257792B700D34FFD /* ViewModel */,
				C74728B325776DE000FE8ED2 /* Navigator */,
				C74728AD25776BFB00FE8ED2 /* View */,
			);
			path = Lobby;
			sourceTree = "<group>";
		};
		C74728A425776BA500FE8ED2 /* Controller */ = {
			isa = PBXGroup;
			children = (
				C74728A525776BCC00FE8ED2 /* ICLobbyViewController.swift */,
				BADCACE325780ABD00D98060 /* ICUserViewController.swift */,
			);
			path = Controller;
			sourceTree = "<group>";
		};
		C74728AD25776BFB00FE8ED2 /* View */ = {
			isa = PBXGroup;
			children = (
				C74728B425776E2900FE8ED2 /* Lobby.storyboard */,
				C7CF3CAF257776D300D34FFD /* ICLobbyCell.swift */,
			);
			path = View;
			sourceTree = "<group>";
		};
		C74728B325776DE000FE8ED2 /* Navigator */ = {
			isa = PBXGroup;
			children = (
				C74728AE25776C3600FE8ED2 /* ICLobbyRootNavigator.swift */,
				BADCACE825780B2200D98060 /* ICUserNavigator.swift */,
			);
			path = Navigator;
			sourceTree = "<group>";
		};
		C77A256E2570D22F00FCFA8D /* Controller */ = {
			isa = PBXGroup;
			children = (
				C77A256F2570D26B00FCFA8D /* ICMainTabBarController.swift */,
			);
			path = Controller;
			sourceTree = "<group>";
		};
		C77A25772570D5C900FCFA8D /* View */ = {
			isa = PBXGroup;
			children = (
				C77A25782570D5DD00FCFA8D /* Me.storyboard */,
			);
			path = View;
			sourceTree = "<group>";
		};
		C77A257D2570D5E300FCFA8D /* Controller */ = {
			isa = PBXGroup;
			children = (
				C77A257E2570D61100FCFA8D /* ICMeViewController.swift */,
			);
			path = Controller;
			sourceTree = "<group>";
		};
		C77A25862570D61700FCFA8D /* Navigator */ = {
			isa = PBXGroup;
			children = (
				C77A25872570D64900FCFA8D /* ICMeRootNavigator.swift */,
			);
			path = Navigator;
			sourceTree = "<group>";
		};
		C77A258F2570D6D000FCFA8D /* Navigator */ = {
			isa = PBXGroup;
			children = (
				C77A25902570D6F500FCFA8D /* ICMainTabBarNavigator.swift */,
			);
			path = Navigator;
			sourceTree = "<group>";
		};
		C7CF3CBA257792B700D34FFD /* ViewModel */ = {
			isa = PBXGroup;
			children = (
				C7CF3CBB257792D400D34FFD /* ICLobbyViewModel.swift */,
				BADCACDE2577FB5B00D98060 /* ICLobbyCellViewModel.swift */,
				BADCACED25780B2F00D98060 /* ICUserViewModel.swift */,
			);
			path = ViewModel;
			sourceTree = "<group>";
		};
		C7CF3CD02578A4F300D34FFD /* Chat */ = {
			isa = PBXGroup;
			children = (
				C7CF3CD12578A50500D34FFD /* Controller */,
				C7CF3CD32578A51300D34FFD /* ViewModel */,
				C7082CF525836D9A00C49DCF /* Model */,
				C7CF3CD42578A51900D34FFD /* Navigator */,
				C7CF3CD22578A50E00D34FFD /* View */,
			);
			path = Chat;
			sourceTree = "<group>";
		};
		C7CF3CD12578A50500D34FFD /* Controller */ = {
			isa = PBXGroup;
			children = (
				C7CF3CD52578A5E300D34FFD /* ICChatListViewController.swift */,
				BA258F6A2584805000AA88AB /* ICChatViewController.swift */,
			);
			path = Controller;
			sourceTree = "<group>";
		};
		C7CF3CD22578A50E00D34FFD /* View */ = {
			isa = PBXGroup;
			children = (
				BA258F5D2583C42200AA88AB /* ICChatListCell.swift */,
				C7CF3CE42578A61600D34FFD /* Chat.storyboard */,
			);
			path = View;
			sourceTree = "<group>";
		};
		C7CF3CD32578A51300D34FFD /* ViewModel */ = {
			isa = PBXGroup;
			children = (
				C7CF3CDA2578A5F900D34FFD /* ICChatListViewModel.swift */,
				BA258F652583C99000AA88AB /* ICChatListCellViewModel.swift */,
				C7CECA482588A8F900018054 /* ICChatViewModel.swift */,
			);
			path = ViewModel;
			sourceTree = "<group>";
		};
		C7CF3CD42578A51900D34FFD /* Navigator */ = {
			isa = PBXGroup;
			children = (
				C7CF3CDF2578A60800D34FFD /* ICChatRootNavigator.swift */,
				C7CECA4D2588AA9100018054 /* ICChatNavigator.swift */,
			);
			path = Navigator;
			sourceTree = "<group>";
		};
		C7E42042257F252A005403B4 /* ViewModel */ = {
			isa = PBXGroup;
			children = (
				C7E42043257F254B005403B4 /* ICMainTabBarViewModel.swift */,
			);
			path = ViewModel;
			sourceTree = "<group>";
		};
		CD238F742E8F93BC2774B83B /* Pods */ = {
			isa = PBXGroup;
			children = (
				A7C887AC17529F7F2E13B5B4 /* Pods-Icebaby.debug.xcconfig */,
				484BCC2CC67DD6748DF3B835 /* Pods-Icebaby.release.xcconfig */,
				4C8340BB348C7C2F4487EA45 /* Pods-Icebaby-IcebabyUITests.debug.xcconfig */,
				CD0877986DD84F1EA7AB880F /* Pods-Icebaby-IcebabyUITests.release.xcconfig */,
				A7653148BFE51172F96A9637 /* Pods-IcebabyTests.debug.xcconfig */,
				225E33FB8763C4CEB63E8B46 /* Pods-IcebabyTests.release.xcconfig */,
			);
			path = Pods;
			sourceTree = "<group>";
		};
		E7873251D0E2388D93A7C8BF /* Frameworks */ = {
			isa = PBXGroup;
			children = (
				0C69C71BB7EA6E97D8741473 /* Pods_Icebaby.framework */,
				0F78382CAEE24DC8903C4524 /* Pods_Icebaby_IcebabyUITests.framework */,
				43CE1EAE08B454201DD00CB5 /* Pods_IcebabyTests.framework */,
			);
			name = Frameworks;
			sourceTree = "<group>";
		};
/* End PBXGroup section */

/* Begin PBXNativeTarget section */
		BA353E86256ED34F00CC4917 /* Icebaby */ = {
			isa = PBXNativeTarget;
			buildConfigurationList = BA353EB1256ED35100CC4917 /* Build configuration list for PBXNativeTarget "Icebaby" */;
			buildPhases = (
				1582B737F775941158F683F0 /* [CP] Check Pods Manifest.lock */,
				BA353E83256ED34F00CC4917 /* Sources */,
				BA353E84256ED34F00CC4917 /* Frameworks */,
				BA353E85256ED34F00CC4917 /* Resources */,
				F3989FD21AF9B259DAD8D1C6 /* [CP] Embed Pods Frameworks */,
			);
			buildRules = (
			);
			dependencies = (
			);
			name = Icebaby;
			productName = Icebaby;
			productReference = BA353E87256ED34F00CC4917 /* Icebaby.app */;
			productType = "com.apple.product-type.application";
		};
		BA353E9C256ED35100CC4917 /* IcebabyTests */ = {
			isa = PBXNativeTarget;
			buildConfigurationList = BA353EB4256ED35100CC4917 /* Build configuration list for PBXNativeTarget "IcebabyTests" */;
			buildPhases = (
				E4D41F048DDCE2755FCBBF3D /* [CP] Check Pods Manifest.lock */,
				BA353E99256ED35100CC4917 /* Sources */,
				BA353E9A256ED35100CC4917 /* Frameworks */,
				BA353E9B256ED35100CC4917 /* Resources */,
			);
			buildRules = (
			);
			dependencies = (
				BA353E9F256ED35100CC4917 /* PBXTargetDependency */,
			);
			name = IcebabyTests;
			productName = IcebabyTests;
			productReference = BA353E9D256ED35100CC4917 /* IcebabyTests.xctest */;
			productType = "com.apple.product-type.bundle.unit-test";
		};
		BA353EA7256ED35100CC4917 /* IcebabyUITests */ = {
			isa = PBXNativeTarget;
			buildConfigurationList = BA353EB7256ED35100CC4917 /* Build configuration list for PBXNativeTarget "IcebabyUITests" */;
			buildPhases = (
				C92B54655FDF80DBBFF4DDAD /* [CP] Check Pods Manifest.lock */,
				BA353EA4256ED35100CC4917 /* Sources */,
				BA353EA5256ED35100CC4917 /* Frameworks */,
				BA353EA6256ED35100CC4917 /* Resources */,
				389C88A10F57C759A0FC31C7 /* [CP] Embed Pods Frameworks */,
			);
			buildRules = (
			);
			dependencies = (
				BA353EAA256ED35100CC4917 /* PBXTargetDependency */,
			);
			name = IcebabyUITests;
			productName = IcebabyUITests;
			productReference = BA353EA8256ED35100CC4917 /* IcebabyUITests.xctest */;
			productType = "com.apple.product-type.bundle.ui-testing";
		};
/* End PBXNativeTarget section */

/* Begin PBXProject section */
		BA353E7F256ED34F00CC4917 /* Project object */ = {
			isa = PBXProject;
			attributes = {
				LastSwiftUpdateCheck = 1220;
				LastUpgradeCheck = 1220;
				TargetAttributes = {
					BA353E86256ED34F00CC4917 = {
						CreatedOnToolsVersion = 12.2;
					};
					BA353E9C256ED35100CC4917 = {
						CreatedOnToolsVersion = 12.2;
						TestTargetID = BA353E86256ED34F00CC4917;
					};
					BA353EA7256ED35100CC4917 = {
						CreatedOnToolsVersion = 12.2;
						TestTargetID = BA353E86256ED34F00CC4917;
					};
				};
			};
			buildConfigurationList = BA353E82256ED34F00CC4917 /* Build configuration list for PBXProject "Icebaby" */;
			compatibilityVersion = "Xcode 9.3";
			developmentRegion = en;
			hasScannedForEncodings = 0;
			knownRegions = (
				en,
				Base,
			);
			mainGroup = BA353E7E256ED34F00CC4917;
			productRefGroup = BA353E88256ED34F00CC4917 /* Products */;
			projectDirPath = "";
			projectRoot = "";
			targets = (
				BA353E86256ED34F00CC4917 /* Icebaby */,
				BA353E9C256ED35100CC4917 /* IcebabyTests */,
				BA353EA7256ED35100CC4917 /* IcebabyUITests */,
			);
		};
/* End PBXProject section */

/* Begin PBXResourcesBuildPhase section */
		BA353E85256ED34F00CC4917 /* Resources */ = {
			isa = PBXResourcesBuildPhase;
			buildActionMask = 2147483647;
			files = (
				C7CF3CE52578A61600D34FFD /* Chat.storyboard in Resources */,
				BA353F05257014CE00CC4917 /* Login.storyboard in Resources */,
				BA353E97256ED35100CC4917 /* LaunchScreen.storyboard in Resources */,
				C77A25792570D5DD00FCFA8D /* Me.storyboard in Resources */,
				BA353E94256ED35100CC4917 /* Assets.xcassets in Resources */,
				BA353E92256ED34F00CC4917 /* Main.storyboard in Resources */,
				C74728B525776E2900FE8ED2 /* Lobby.storyboard in Resources */,
			);
			runOnlyForDeploymentPostprocessing = 0;
		};
		BA353E9B256ED35100CC4917 /* Resources */ = {
			isa = PBXResourcesBuildPhase;
			buildActionMask = 2147483647;
			files = (
			);
			runOnlyForDeploymentPostprocessing = 0;
		};
		BA353EA6256ED35100CC4917 /* Resources */ = {
			isa = PBXResourcesBuildPhase;
			buildActionMask = 2147483647;
			files = (
			);
			runOnlyForDeploymentPostprocessing = 0;
		};
/* End PBXResourcesBuildPhase section */

/* Begin PBXShellScriptBuildPhase section */
		1582B737F775941158F683F0 /* [CP] Check Pods Manifest.lock */ = {
			isa = PBXShellScriptBuildPhase;
			buildActionMask = 2147483647;
			files = (
			);
			inputFileListPaths = (
			);
			inputPaths = (
				"${PODS_PODFILE_DIR_PATH}/Podfile.lock",
				"${PODS_ROOT}/Manifest.lock",
			);
			name = "[CP] Check Pods Manifest.lock";
			outputFileListPaths = (
			);
			outputPaths = (
				"$(DERIVED_FILE_DIR)/Pods-Icebaby-checkManifestLockResult.txt",
			);
			runOnlyForDeploymentPostprocessing = 0;
			shellPath = /bin/sh;
			shellScript = "diff \"${PODS_PODFILE_DIR_PATH}/Podfile.lock\" \"${PODS_ROOT}/Manifest.lock\" > /dev/null\nif [ $? != 0 ] ; then\n    # print error to STDERR\n    echo \"error: The sandbox is not in sync with the Podfile.lock. Run 'pod install' or update your CocoaPods installation.\" >&2\n    exit 1\nfi\n# This output is used by Xcode 'outputs' to avoid re-running this script phase.\necho \"SUCCESS\" > \"${SCRIPT_OUTPUT_FILE_0}\"\n";
			showEnvVarsInLog = 0;
		};
		389C88A10F57C759A0FC31C7 /* [CP] Embed Pods Frameworks */ = {
			isa = PBXShellScriptBuildPhase;
			buildActionMask = 2147483647;
			files = (
			);
			inputFileListPaths = (
				"${PODS_ROOT}/Target Support Files/Pods-Icebaby-IcebabyUITests/Pods-Icebaby-IcebabyUITests-frameworks-${CONFIGURATION}-input-files.xcfilelist",
			);
			name = "[CP] Embed Pods Frameworks";
			outputFileListPaths = (
				"${PODS_ROOT}/Target Support Files/Pods-Icebaby-IcebabyUITests/Pods-Icebaby-IcebabyUITests-frameworks-${CONFIGURATION}-output-files.xcfilelist",
			);
			runOnlyForDeploymentPostprocessing = 0;
			shellPath = /bin/sh;
			shellScript = "\"${PODS_ROOT}/Target Support Files/Pods-Icebaby-IcebabyUITests/Pods-Icebaby-IcebabyUITests-frameworks.sh\"\n";
			showEnvVarsInLog = 0;
		};
		C92B54655FDF80DBBFF4DDAD /* [CP] Check Pods Manifest.lock */ = {
			isa = PBXShellScriptBuildPhase;
			buildActionMask = 2147483647;
			files = (
			);
			inputFileListPaths = (
			);
			inputPaths = (
				"${PODS_PODFILE_DIR_PATH}/Podfile.lock",
				"${PODS_ROOT}/Manifest.lock",
			);
			name = "[CP] Check Pods Manifest.lock";
			outputFileListPaths = (
			);
			outputPaths = (
				"$(DERIVED_FILE_DIR)/Pods-Icebaby-IcebabyUITests-checkManifestLockResult.txt",
			);
			runOnlyForDeploymentPostprocessing = 0;
			shellPath = /bin/sh;
			shellScript = "diff \"${PODS_PODFILE_DIR_PATH}/Podfile.lock\" \"${PODS_ROOT}/Manifest.lock\" > /dev/null\nif [ $? != 0 ] ; then\n    # print error to STDERR\n    echo \"error: The sandbox is not in sync with the Podfile.lock. Run 'pod install' or update your CocoaPods installation.\" >&2\n    exit 1\nfi\n# This output is used by Xcode 'outputs' to avoid re-running this script phase.\necho \"SUCCESS\" > \"${SCRIPT_OUTPUT_FILE_0}\"\n";
			showEnvVarsInLog = 0;
		};
		E4D41F048DDCE2755FCBBF3D /* [CP] Check Pods Manifest.lock */ = {
			isa = PBXShellScriptBuildPhase;
			buildActionMask = 2147483647;
			files = (
			);
			inputFileListPaths = (
			);
			inputPaths = (
				"${PODS_PODFILE_DIR_PATH}/Podfile.lock",
				"${PODS_ROOT}/Manifest.lock",
			);
			name = "[CP] Check Pods Manifest.lock";
			outputFileListPaths = (
			);
			outputPaths = (
				"$(DERIVED_FILE_DIR)/Pods-IcebabyTests-checkManifestLockResult.txt",
			);
			runOnlyForDeploymentPostprocessing = 0;
			shellPath = /bin/sh;
			shellScript = "diff \"${PODS_PODFILE_DIR_PATH}/Podfile.lock\" \"${PODS_ROOT}/Manifest.lock\" > /dev/null\nif [ $? != 0 ] ; then\n    # print error to STDERR\n    echo \"error: The sandbox is not in sync with the Podfile.lock. Run 'pod install' or update your CocoaPods installation.\" >&2\n    exit 1\nfi\n# This output is used by Xcode 'outputs' to avoid re-running this script phase.\necho \"SUCCESS\" > \"${SCRIPT_OUTPUT_FILE_0}\"\n";
			showEnvVarsInLog = 0;
		};
		F3989FD21AF9B259DAD8D1C6 /* [CP] Embed Pods Frameworks */ = {
			isa = PBXShellScriptBuildPhase;
			buildActionMask = 2147483647;
			files = (
			);
			inputFileListPaths = (
				"${PODS_ROOT}/Target Support Files/Pods-Icebaby/Pods-Icebaby-frameworks-${CONFIGURATION}-input-files.xcfilelist",
			);
			name = "[CP] Embed Pods Frameworks";
			outputFileListPaths = (
				"${PODS_ROOT}/Target Support Files/Pods-Icebaby/Pods-Icebaby-frameworks-${CONFIGURATION}-output-files.xcfilelist",
			);
			runOnlyForDeploymentPostprocessing = 0;
			shellPath = /bin/sh;
			shellScript = "\"${PODS_ROOT}/Target Support Files/Pods-Icebaby/Pods-Icebaby-frameworks.sh\"\n";
			showEnvVarsInLog = 0;
		};
/* End PBXShellScriptBuildPhase section */

/* Begin PBXSourcesBuildPhase section */
		BA353E83256ED34F00CC4917 /* Sources */ = {
			isa = PBXSourcesBuildPhase;
			buildActionMask = 2147483647;
			files = (
				BA353EC82570062D00CC4917 /* ICViewModel.swift in Sources */,
				BA258F662583C99000AA88AB /* ICChatListCellViewModel.swift in Sources */,
				BA235B78257E906900A09280 /* ICChatManager.swift in Sources */,
				C7CECA4425888E4200018054 /* ICChatData.swift in Sources */,
				C7CF3CBC257792D400D34FFD /* ICLobbyViewModel.swift in Sources */,
				C7082CFF25836DC700C49DCF /* ICMember.swift in Sources */,
				C7CECA392587729800018054 /* ICMessage.swift in Sources */,
				C7CECA3E2587734E00018054 /* ICSender.swift in Sources */,
				C7CECA492588A8F900018054 /* ICChatViewModel.swift in Sources */,
				BA353E8F256ED34F00CC4917 /* ViewController.swift in Sources */,
				BA353F2025701E4E00CC4917 /* ICLoginAPIService.swift in Sources */,
				BA353E8B256ED34F00CC4917 /* AppDelegate.swift in Sources */,
				BA258F6B2584805000AA88AB /* ICChatViewController.swift in Sources */,
				BA353F2A25701F1200CC4917 /* ICUser.swift in Sources */,
				C7CECA532588BF6E00018054 /* ICDateFormatter.swift in Sources */,
				C77A25912570D6F500FCFA8D /* ICMainTabBarNavigator.swift in Sources */,
				C7CF3CDB2578A5F900D34FFD /* ICChatListViewModel.swift in Sources */,
				C74728AF25776C3600FE8ED2 /* ICLobbyRootNavigator.swift in Sources */,
				BADCACA42576C54A00D98060 /* ICLoadingProgressHUD.swift in Sources */,
				C7E42044257F254B005403B4 /* ICMainTabBarViewModel.swift in Sources */,
				BA353F14257016F200CC4917 /* ICLoginRootNavigator.swift in Sources */,
				BA353ED02570066300CC4917 /* ICNavigator.swift in Sources */,
				C77A257F2570D61100FCFA8D /* ICMeViewController.swift in Sources */,
				BADCACDF2577FB5B00D98060 /* ICLobbyCellViewModel.swift in Sources */,
				BADCACF62578150400D98060 /* ICUserDetail.swift in Sources */,
				BA353F0A257014E300CC4917 /* ICLoginViewController.swift in Sources */,
				C7CF3D052578BCDD00D34FFD /* ICChatAPIService.swift in Sources */,
				BA353EF025700E6400CC4917 /* URLProtocol.swift in Sources */,
				C74728A625776BCC00FE8ED2 /* ICLobbyViewController.swift in Sources */,
				BA235B86257FCF6700A09280 /* ICUserManager.swift in Sources */,
				BADCACAF2576C5C900D98060 /* ICProgressHUD.swift in Sources */,
				BADCAC9B2576C51500D98060 /* ICBaseViewController.swift in Sources */,
				BADCACE925780B2200D98060 /* ICUserNavigator.swift in Sources */,
				C7CF3CC925779ECA00D34FFD /* ICLobbyAPIService.swift in Sources */,
				BADCACEE25780B2F00D98060 /* ICUserViewModel.swift in Sources */,
				C7CF3CB0257776D300D34FFD /* ICLobbyCell.swift in Sources */,
				C7CF3CD62578A5E300D34FFD /* ICChatListViewController.swift in Sources */,
				BA353F0F2570168E00CC4917 /* ICLoginViewModel.swift in Sources */,
				BA353EE825700E3E00CC4917 /* APIProtocol.swift in Sources */,
				BADCACE425780ABD00D98060 /* ICUserViewController.swift in Sources */,
				BA353E8D256ED34F00CC4917 /* SceneDelegate.swift in Sources */,
				C7CF3CE02578A60800D34FFD /* ICChatRootNavigator.swift in Sources */,
				C77A25702570D26B00FCFA8D /* ICMainTabBarController.swift in Sources */,
				BA353EF8257013E400CC4917 /* ICApplicationNavigator.swift in Sources */,
				C77A25882570D64900FCFA8D /* ICMeRootNavigator.swift in Sources */,
				C7082CF725836DAF00C49DCF /* ICChannel.swift in Sources */,
				C7CECA4E2588AA9100018054 /* ICChatNavigator.swift in Sources */,
				BA258F5E2583C42200AA88AB /* ICChatListCell.swift in Sources */,
			);
			runOnlyForDeploymentPostprocessing = 0;
		};
		BA353E99256ED35100CC4917 /* Sources */ = {
			isa = PBXSourcesBuildPhase;
			buildActionMask = 2147483647;
			files = (
				BA353EA2256ED35100CC4917 /* IcebabyTests.swift in Sources */,
			);
			runOnlyForDeploymentPostprocessing = 0;
		};
		BA353EA4256ED35100CC4917 /* Sources */ = {
			isa = PBXSourcesBuildPhase;
			buildActionMask = 2147483647;
			files = (
				BA353EAD256ED35100CC4917 /* IcebabyUITests.swift in Sources */,
			);
			runOnlyForDeploymentPostprocessing = 0;
		};
/* End PBXSourcesBuildPhase section */

/* Begin PBXTargetDependency section */
		BA353E9F256ED35100CC4917 /* PBXTargetDependency */ = {
			isa = PBXTargetDependency;
			target = BA353E86256ED34F00CC4917 /* Icebaby */;
			targetProxy = BA353E9E256ED35100CC4917 /* PBXContainerItemProxy */;
		};
		BA353EAA256ED35100CC4917 /* PBXTargetDependency */ = {
			isa = PBXTargetDependency;
			target = BA353E86256ED34F00CC4917 /* Icebaby */;
			targetProxy = BA353EA9256ED35100CC4917 /* PBXContainerItemProxy */;
		};
/* End PBXTargetDependency section */

/* Begin PBXVariantGroup section */
		BA353E90256ED34F00CC4917 /* Main.storyboard */ = {
			isa = PBXVariantGroup;
			children = (
				BA353E91256ED34F00CC4917 /* Base */,
			);
			name = Main.storyboard;
			sourceTree = "<group>";
		};
		BA353E95256ED35100CC4917 /* LaunchScreen.storyboard */ = {
			isa = PBXVariantGroup;
			children = (
				BA353E96256ED35100CC4917 /* Base */,
			);
			name = LaunchScreen.storyboard;
			sourceTree = "<group>";
		};
/* End PBXVariantGroup section */

/* Begin XCBuildConfiguration section */
		BA353EAF256ED35100CC4917 /* Debug */ = {
			isa = XCBuildConfiguration;
			buildSettings = {
				ALWAYS_SEARCH_USER_PATHS = NO;
				CLANG_ANALYZER_NONNULL = YES;
				CLANG_ANALYZER_NUMBER_OBJECT_CONVERSION = YES_AGGRESSIVE;
				CLANG_CXX_LANGUAGE_STANDARD = "gnu++14";
				CLANG_CXX_LIBRARY = "libc++";
				CLANG_ENABLE_MODULES = YES;
				CLANG_ENABLE_OBJC_ARC = YES;
				CLANG_ENABLE_OBJC_WEAK = YES;
				CLANG_WARN_BLOCK_CAPTURE_AUTORELEASING = YES;
				CLANG_WARN_BOOL_CONVERSION = YES;
				CLANG_WARN_COMMA = YES;
				CLANG_WARN_CONSTANT_CONVERSION = YES;
				CLANG_WARN_DEPRECATED_OBJC_IMPLEMENTATIONS = YES;
				CLANG_WARN_DIRECT_OBJC_ISA_USAGE = YES_ERROR;
				CLANG_WARN_DOCUMENTATION_COMMENTS = YES;
				CLANG_WARN_EMPTY_BODY = YES;
				CLANG_WARN_ENUM_CONVERSION = YES;
				CLANG_WARN_INFINITE_RECURSION = YES;
				CLANG_WARN_INT_CONVERSION = YES;
				CLANG_WARN_NON_LITERAL_NULL_CONVERSION = YES;
				CLANG_WARN_OBJC_IMPLICIT_RETAIN_SELF = YES;
				CLANG_WARN_OBJC_LITERAL_CONVERSION = YES;
				CLANG_WARN_OBJC_ROOT_CLASS = YES_ERROR;
				CLANG_WARN_QUOTED_INCLUDE_IN_FRAMEWORK_HEADER = YES;
				CLANG_WARN_RANGE_LOOP_ANALYSIS = YES;
				CLANG_WARN_STRICT_PROTOTYPES = YES;
				CLANG_WARN_SUSPICIOUS_MOVE = YES;
				CLANG_WARN_UNGUARDED_AVAILABILITY = YES_AGGRESSIVE;
				CLANG_WARN_UNREACHABLE_CODE = YES;
				CLANG_WARN__DUPLICATE_METHOD_MATCH = YES;
				COPY_PHASE_STRIP = NO;
				DEBUG_INFORMATION_FORMAT = dwarf;
				ENABLE_STRICT_OBJC_MSGSEND = YES;
				ENABLE_TESTABILITY = YES;
				GCC_C_LANGUAGE_STANDARD = gnu11;
				GCC_DYNAMIC_NO_PIC = NO;
				GCC_NO_COMMON_BLOCKS = YES;
				GCC_OPTIMIZATION_LEVEL = 0;
				GCC_PREPROCESSOR_DEFINITIONS = (
					"DEBUG=1",
					"$(inherited)",
				);
				GCC_WARN_64_TO_32_BIT_CONVERSION = YES;
				GCC_WARN_ABOUT_RETURN_TYPE = YES_ERROR;
				GCC_WARN_UNDECLARED_SELECTOR = YES;
				GCC_WARN_UNINITIALIZED_AUTOS = YES_AGGRESSIVE;
				GCC_WARN_UNUSED_FUNCTION = YES;
				GCC_WARN_UNUSED_VARIABLE = YES;
				IPHONEOS_DEPLOYMENT_TARGET = 14.2;
				MTL_ENABLE_DEBUG_INFO = INCLUDE_SOURCE;
				MTL_FAST_MATH = YES;
				ONLY_ACTIVE_ARCH = YES;
				SDKROOT = iphoneos;
				SWIFT_ACTIVE_COMPILATION_CONDITIONS = DEBUG;
				SWIFT_OPTIMIZATION_LEVEL = "-Onone";
				SWIFT_VERSION = 5.0;
			};
			name = Debug;
		};
		BA353EB0256ED35100CC4917 /* Release */ = {
			isa = XCBuildConfiguration;
			buildSettings = {
				ALWAYS_SEARCH_USER_PATHS = NO;
				CLANG_ANALYZER_NONNULL = YES;
				CLANG_ANALYZER_NUMBER_OBJECT_CONVERSION = YES_AGGRESSIVE;
				CLANG_CXX_LANGUAGE_STANDARD = "gnu++14";
				CLANG_CXX_LIBRARY = "libc++";
				CLANG_ENABLE_MODULES = YES;
				CLANG_ENABLE_OBJC_ARC = YES;
				CLANG_ENABLE_OBJC_WEAK = YES;
				CLANG_WARN_BLOCK_CAPTURE_AUTORELEASING = YES;
				CLANG_WARN_BOOL_CONVERSION = YES;
				CLANG_WARN_COMMA = YES;
				CLANG_WARN_CONSTANT_CONVERSION = YES;
				CLANG_WARN_DEPRECATED_OBJC_IMPLEMENTATIONS = YES;
				CLANG_WARN_DIRECT_OBJC_ISA_USAGE = YES_ERROR;
				CLANG_WARN_DOCUMENTATION_COMMENTS = YES;
				CLANG_WARN_EMPTY_BODY = YES;
				CLANG_WARN_ENUM_CONVERSION = YES;
				CLANG_WARN_INFINITE_RECURSION = YES;
				CLANG_WARN_INT_CONVERSION = YES;
				CLANG_WARN_NON_LITERAL_NULL_CONVERSION = YES;
				CLANG_WARN_OBJC_IMPLICIT_RETAIN_SELF = YES;
				CLANG_WARN_OBJC_LITERAL_CONVERSION = YES;
				CLANG_WARN_OBJC_ROOT_CLASS = YES_ERROR;
				CLANG_WARN_QUOTED_INCLUDE_IN_FRAMEWORK_HEADER = YES;
				CLANG_WARN_RANGE_LOOP_ANALYSIS = YES;
				CLANG_WARN_STRICT_PROTOTYPES = YES;
				CLANG_WARN_SUSPICIOUS_MOVE = YES;
				CLANG_WARN_UNGUARDED_AVAILABILITY = YES_AGGRESSIVE;
				CLANG_WARN_UNREACHABLE_CODE = YES;
				CLANG_WARN__DUPLICATE_METHOD_MATCH = YES;
				COPY_PHASE_STRIP = NO;
				DEBUG_INFORMATION_FORMAT = "dwarf-with-dsym";
				ENABLE_NS_ASSERTIONS = NO;
				ENABLE_STRICT_OBJC_MSGSEND = YES;
				GCC_C_LANGUAGE_STANDARD = gnu11;
				GCC_NO_COMMON_BLOCKS = YES;
				GCC_WARN_64_TO_32_BIT_CONVERSION = YES;
				GCC_WARN_ABOUT_RETURN_TYPE = YES_ERROR;
				GCC_WARN_UNDECLARED_SELECTOR = YES;
				GCC_WARN_UNINITIALIZED_AUTOS = YES_AGGRESSIVE;
				GCC_WARN_UNUSED_FUNCTION = YES;
				GCC_WARN_UNUSED_VARIABLE = YES;
				IPHONEOS_DEPLOYMENT_TARGET = 14.2;
				MTL_ENABLE_DEBUG_INFO = NO;
				MTL_FAST_MATH = YES;
				SDKROOT = iphoneos;
				SWIFT_COMPILATION_MODE = wholemodule;
				SWIFT_OPTIMIZATION_LEVEL = "-O";
				SWIFT_VERSION = 5.0;
				VALIDATE_PRODUCT = YES;
			};
			name = Release;
		};
		BA353EB2256ED35100CC4917 /* Debug */ = {
			isa = XCBuildConfiguration;
			baseConfigurationReference = A7C887AC17529F7F2E13B5B4 /* Pods-Icebaby.debug.xcconfig */;
			buildSettings = {
				ASSETCATALOG_COMPILER_APPICON_NAME = AppIcon;
				ASSETCATALOG_COMPILER_GLOBAL_ACCENT_COLOR_NAME = AccentColor;
				CODE_SIGN_STYLE = Automatic;
				DEVELOPMENT_TEAM = 4FN8272Q62;
				INFOPLIST_FILE = Icebaby/Info.plist;
				LD_RUNPATH_SEARCH_PATHS = (
					"$(inherited)",
					"@executable_path/Frameworks",
				);
				PRODUCT_BUNDLE_IDENTIFIER = com.henry.Icebaby;
				PRODUCT_NAME = "$(TARGET_NAME)";
				SWIFT_VERSION = 5.0;
				TARGETED_DEVICE_FAMILY = "1,2";
			};
			name = Debug;
		};
		BA353EB3256ED35100CC4917 /* Release */ = {
			isa = XCBuildConfiguration;
			baseConfigurationReference = 484BCC2CC67DD6748DF3B835 /* Pods-Icebaby.release.xcconfig */;
			buildSettings = {
				ASSETCATALOG_COMPILER_APPICON_NAME = AppIcon;
				ASSETCATALOG_COMPILER_GLOBAL_ACCENT_COLOR_NAME = AccentColor;
				CODE_SIGN_STYLE = Automatic;
				DEVELOPMENT_TEAM = 4FN8272Q62;
				INFOPLIST_FILE = Icebaby/Info.plist;
				LD_RUNPATH_SEARCH_PATHS = (
					"$(inherited)",
					"@executable_path/Frameworks",
				);
				PRODUCT_BUNDLE_IDENTIFIER = com.henry.Icebaby;
				PRODUCT_NAME = "$(TARGET_NAME)";
				SWIFT_VERSION = 5.0;
				TARGETED_DEVICE_FAMILY = "1,2";
			};
			name = Release;
		};
		BA353EB5256ED35100CC4917 /* Debug */ = {
			isa = XCBuildConfiguration;
			baseConfigurationReference = A7653148BFE51172F96A9637 /* Pods-IcebabyTests.debug.xcconfig */;
			buildSettings = {
				ALWAYS_EMBED_SWIFT_STANDARD_LIBRARIES = YES;
				BUNDLE_LOADER = "$(TEST_HOST)";
				CODE_SIGN_STYLE = Automatic;
				DEVELOPMENT_TEAM = 4FN8272Q62;
				INFOPLIST_FILE = IcebabyTests/Info.plist;
				IPHONEOS_DEPLOYMENT_TARGET = 14.2;
				LD_RUNPATH_SEARCH_PATHS = (
					"$(inherited)",
					"@executable_path/Frameworks",
					"@loader_path/Frameworks",
				);
				PRODUCT_BUNDLE_IDENTIFIER = com.henry.IcebabyTests;
				PRODUCT_NAME = "$(TARGET_NAME)";
				SWIFT_VERSION = 5.0;
				TARGETED_DEVICE_FAMILY = "1,2";
				TEST_HOST = "$(BUILT_PRODUCTS_DIR)/Icebaby.app/Icebaby";
			};
			name = Debug;
		};
		BA353EB6256ED35100CC4917 /* Release */ = {
			isa = XCBuildConfiguration;
			baseConfigurationReference = 225E33FB8763C4CEB63E8B46 /* Pods-IcebabyTests.release.xcconfig */;
			buildSettings = {
				ALWAYS_EMBED_SWIFT_STANDARD_LIBRARIES = YES;
				BUNDLE_LOADER = "$(TEST_HOST)";
				CODE_SIGN_STYLE = Automatic;
				DEVELOPMENT_TEAM = 4FN8272Q62;
				INFOPLIST_FILE = IcebabyTests/Info.plist;
				IPHONEOS_DEPLOYMENT_TARGET = 14.2;
				LD_RUNPATH_SEARCH_PATHS = (
					"$(inherited)",
					"@executable_path/Frameworks",
					"@loader_path/Frameworks",
				);
				PRODUCT_BUNDLE_IDENTIFIER = com.henry.IcebabyTests;
				PRODUCT_NAME = "$(TARGET_NAME)";
				SWIFT_VERSION = 5.0;
				TARGETED_DEVICE_FAMILY = "1,2";
				TEST_HOST = "$(BUILT_PRODUCTS_DIR)/Icebaby.app/Icebaby";
			};
			name = Release;
		};
		BA353EB8256ED35100CC4917 /* Debug */ = {
			isa = XCBuildConfiguration;
			baseConfigurationReference = 4C8340BB348C7C2F4487EA45 /* Pods-Icebaby-IcebabyUITests.debug.xcconfig */;
			buildSettings = {
				ALWAYS_EMBED_SWIFT_STANDARD_LIBRARIES = YES;
				CODE_SIGN_STYLE = Automatic;
				DEVELOPMENT_TEAM = 4FN8272Q62;
				INFOPLIST_FILE = IcebabyUITests/Info.plist;
				LD_RUNPATH_SEARCH_PATHS = (
					"$(inherited)",
					"@executable_path/Frameworks",
					"@loader_path/Frameworks",
				);
				PRODUCT_BUNDLE_IDENTIFIER = com.henry.IcebabyUITests;
				PRODUCT_NAME = "$(TARGET_NAME)";
				SWIFT_VERSION = 5.0;
				TARGETED_DEVICE_FAMILY = "1,2";
				TEST_TARGET_NAME = Icebaby;
			};
			name = Debug;
		};
		BA353EB9256ED35100CC4917 /* Release */ = {
			isa = XCBuildConfiguration;
			baseConfigurationReference = CD0877986DD84F1EA7AB880F /* Pods-Icebaby-IcebabyUITests.release.xcconfig */;
			buildSettings = {
				ALWAYS_EMBED_SWIFT_STANDARD_LIBRARIES = YES;
				CODE_SIGN_STYLE = Automatic;
				DEVELOPMENT_TEAM = 4FN8272Q62;
				INFOPLIST_FILE = IcebabyUITests/Info.plist;
				LD_RUNPATH_SEARCH_PATHS = (
					"$(inherited)",
					"@executable_path/Frameworks",
					"@loader_path/Frameworks",
				);
				PRODUCT_BUNDLE_IDENTIFIER = com.henry.IcebabyUITests;
				PRODUCT_NAME = "$(TARGET_NAME)";
				SWIFT_VERSION = 5.0;
				TARGETED_DEVICE_FAMILY = "1,2";
				TEST_TARGET_NAME = Icebaby;
			};
			name = Release;
		};
/* End XCBuildConfiguration section */

/* Begin XCConfigurationList section */
		BA353E82256ED34F00CC4917 /* Build configuration list for PBXProject "Icebaby" */ = {
			isa = XCConfigurationList;
			buildConfigurations = (
				BA353EAF256ED35100CC4917 /* Debug */,
				BA353EB0256ED35100CC4917 /* Release */,
			);
			defaultConfigurationIsVisible = 0;
			defaultConfigurationName = Release;
		};
		BA353EB1256ED35100CC4917 /* Build configuration list for PBXNativeTarget "Icebaby" */ = {
			isa = XCConfigurationList;
			buildConfigurations = (
				BA353EB2256ED35100CC4917 /* Debug */,
				BA353EB3256ED35100CC4917 /* Release */,
			);
			defaultConfigurationIsVisible = 0;
			defaultConfigurationName = Release;
		};
		BA353EB4256ED35100CC4917 /* Build configuration list for PBXNativeTarget "IcebabyTests" */ = {
			isa = XCConfigurationList;
			buildConfigurations = (
				BA353EB5256ED35100CC4917 /* Debug */,
				BA353EB6256ED35100CC4917 /* Release */,
			);
			defaultConfigurationIsVisible = 0;
			defaultConfigurationName = Release;
		};
		BA353EB7256ED35100CC4917 /* Build configuration list for PBXNativeTarget "IcebabyUITests" */ = {
			isa = XCConfigurationList;
			buildConfigurations = (
				BA353EB8256ED35100CC4917 /* Debug */,
				BA353EB9256ED35100CC4917 /* Release */,
			);
			defaultConfigurationIsVisible = 0;
			defaultConfigurationName = Release;
		};
/* End XCConfigurationList section */
	};
	rootObject = BA353E7F256ED34F00CC4917 /* Project object */;
}
